
Microsoft Visual Studio Solution File, Format Version 12.00
# Visual Studio Version 17
VisualStudioVersion = 17.7.34221.43
MinimumVisualStudioVersion = 10.0.40219.1
Project("{FAE04EC0-301F-11D3-BF4B-00C04F79EFBC}") = "DeploymentApi", "DeploymentApi\DeploymentApi.csproj", "{34B00B68-D536-4E25-A8C2-C339C6854970}"
EndProject
Project("{FAE04EC0-301F-11D3-BF4B-00C04F79EFBC}") = "ClassLibrary1", "ClassLibrary1\ClassLibrary1.csproj", "{52D95867-8F37-4836-90E2-2B0FB0B23625}"
EndProject
Global
	GlobalSection(SolutionConfigurationPlatforms) = preSolution
		Debug|Any CPU = Debug|Any CPU
		Release|Any CPU = Release|Any CPU
	EndGlobalSection
	GlobalSection(ProjectConfigurationPlatforms) = postSolution
		{34B00B68-D536-4E25-A8C2-C339C6854970}.Debug|Any CPU.ActiveCfg = Debug|Any CPU
		{34B00B68-D536-4E25-A8C2-C339C6854970}.Debug|Any CPU.Build.0 = Debug|Any CPU
		{34B00B68-D536-4E25-A8C2-C339C6854970}.Release|Any CPU.ActiveCfg = Release|Any CPU
		{34B00B68-D536-4E25-A8C2-C339C6854970}.Release|Any CPU.Build.0 = Release|Any CPU
		{52D95867-8F37-4836-90E2-2B0FB0B23625}.Debug|Any CPU.ActiveCfg = Debug|Any CPU
		{52D95867-8F37-4836-90E2-2B0FB0B23625}.Debug|Any CPU.Build.0 = Debug|Any CPU
		{52D95867-8F37-4836-90E2-2B0FB0B23625}.Release|Any CPU.ActiveCfg = Release|Any CPU
		{52D95867-8F37-4836-90E2-2B0FB0B23625}.Release|Any CPU.Build.0 = Release|Any CPU
	EndGlobalSection
	GlobalSection(SolutionProperties) = preSolution
		HideSolutionNode = FALSE
	EndGlobalSection
	GlobalSection(ExtensibilityGlobals) = postSolution
		SolutionGuid = {F34C2366-EE5C-4ED5-BF5A-3A8DAC49BFBD}
	EndGlobalSection
EndGlobal
